
Microsoft Visual Studio Solution File, Format Version 12.00
Project("{FAE04EC0-301F-11D3-BF4B-00C04F79EFBC}") = "CoffeeChess.Web", "CoffeeChess.Web\CoffeeChess.Web.csproj", "{FCCA0893-57B6-4A39-931C-08DD5175C503}"
EndProject
Project("{FAE04EC0-301F-11D3-BF4B-00C04F79EFBC}") = "CoffeeChess.Application", "CoffeeChess.Application\CoffeeChess.Application.csproj", "{025175F7-739C-48DD-AA65-AD0CDD4FC562}"
EndProject
Project("{FAE04EC0-301F-11D3-BF4B-00C04F79EFBC}") = "CoffeeChess.Infrastructure", "CoffeeChess.Infrastructure\CoffeeChess.Infrastructure.csproj", "{512D4471-B404-499B-B282-8B361F621E27}"
EndProject
Project("{FAE04EC0-301F-11D3-BF4B-00C04F79EFBC}") = "CoffeeChess.Domain", "CoffeeChess.Domain\CoffeeChess.Domain.csproj", "{0EA893D0-F0D7-48BA-BDC8-90B3AEEAB01D}"
EndProject
Project("{2150E333-8FDC-42A3-9474-1A3956D46DE8}") = "Solution Items", "Solution Items", "{044DE092-3DB5-4A1A-8860-90F583D20C5F}"
	ProjectSection(SolutionItems) = preProject
		compose.yaml = compose.yaml
	EndProjectSection
EndProject
Project("{FAE04EC0-301F-11D3-BF4B-00C04F79EFBC}") = "CoffeeChess.Benchmark", "CoffeeChess.Benchmark\CoffeeChess.Benchmark.csproj", "{53E51C7C-7400-4703-A08C-D48A949AC14F}"
EndProject
Global
	GlobalSection(SolutionConfigurationPlatforms) = preSolution
		Debug|Any CPU = Debug|Any CPU
		Release|Any CPU = Release|Any CPU
	EndGlobalSection
	GlobalSection(ProjectConfigurationPlatforms) = postSolution
		{FCCA0893-57B6-4A39-931C-08DD5175C503}.Debug|Any CPU.ActiveCfg = Debug|Any CPU
		{FCCA0893-57B6-4A39-931C-08DD5175C503}.Debug|Any CPU.Build.0 = Debug|Any CPU
		{FCCA0893-57B6-4A39-931C-08DD5175C503}.Release|Any CPU.ActiveCfg = Release|Any CPU
		{FCCA0893-57B6-4A39-931C-08DD5175C503}.Release|Any CPU.Build.0 = Release|Any CPU
		{025175F7-739C-48DD-AA65-AD0CDD4FC562}.Debug|Any CPU.ActiveCfg = Debug|Any CPU
		{025175F7-739C-48DD-AA65-AD0CDD4FC562}.Debug|Any CPU.Build.0 = Debug|Any CPU
		{025175F7-739C-48DD-AA65-AD0CDD4FC562}.Release|Any CPU.ActiveCfg = Release|Any CPU
		{025175F7-739C-48DD-AA65-AD0CDD4FC562}.Release|Any CPU.Build.0 = Release|Any CPU
		{512D4471-B404-499B-B282-8B361F621E27}.Debug|Any CPU.ActiveCfg = Debug|Any CPU
		{512D4471-B404-499B-B282-8B361F621E27}.Debug|Any CPU.Build.0 = Debug|Any CPU
		{512D4471-B404-499B-B282-8B361F621E27}.Release|Any CPU.ActiveCfg = Release|Any CPU
		{512D4471-B404-499B-B282-8B361F621E27}.Release|Any CPU.Build.0 = Release|Any CPU
		{0EA893D0-F0D7-48BA-BDC8-90B3AEEAB01D}.Debug|Any CPU.ActiveCfg = Debug|Any CPU
		{0EA893D0-F0D7-48BA-BDC8-90B3AEEAB01D}.Debug|Any CPU.Build.0 = Debug|Any CPU
		{0EA893D0-F0D7-48BA-BDC8-90B3AEEAB01D}.Release|Any CPU.ActiveCfg = Release|Any CPU
		{0EA893D0-F0D7-48BA-BDC8-90B3AEEAB01D}.Release|Any CPU.Build.0 = Release|Any CPU
		{53E51C7C-7400-4703-A08C-D48A949AC14F}.Debug|Any CPU.ActiveCfg = Debug|Any CPU
		{53E51C7C-7400-4703-A08C-D48A949AC14F}.Debug|Any CPU.Build.0 = Debug|Any CPU
		{53E51C7C-7400-4703-A08C-D48A949AC14F}.Release|Any CPU.ActiveCfg = Release|Any CPU
		{53E51C7C-7400-4703-A08C-D48A949AC14F}.Release|Any CPU.Build.0 = Release|Any CPU
	EndGlobalSection
EndGlobal
